
Microsoft Visual Studio Solution File, Format Version 12.00
# Visual Studio Version 17
VisualStudioVersion = 17.0.31903.59
MinimumVisualStudioVersion = 10.0.40219.1
Project("{9A19103F-16F7-4668-BE54-9A1E7A4F7556}") = "GTAdhocToolchain.Compiler", "GTAdhocToolchain.Compiler\GTAdhocToolchain.Compiler.csproj", "{75BC3DA5-071E-4908-8205-9FBB4B6AC48A}"
EndProject
Project("{9A19103F-16F7-4668-BE54-9A1E7A4F7556}") = "Esprima", "esprima-dotnet\src\Esprima\Esprima.csproj", "{A6637EA2-9602-4CDC-BBE6-A496498FCC22}"
EndProject
Project("{9A19103F-16F7-4668-BE54-9A1E7A4F7556}") = "GTAdhocToolchain.Core", "GTAdhocToolchain.Core\GTAdhocToolchain.Core.csproj", "{7463E884-46C5-4834-ADCE-C97259476F47}"
EndProject
Project("{9A19103F-16F7-4668-BE54-9A1E7A4F7556}") = "GTAdhocToolchain.CodeGen", "GTAdhocToolchain.CodeGen\GTAdhocToolchain.CodeGen.csproj", "{60FFD30A-8B28-4920-AFFF-C43BE648F21F}"
EndProject
Project("{9A19103F-16F7-4668-BE54-9A1E7A4F7556}") = "GTAdhocToolchain.Project", "GTAdhocToolchain.Project\GTAdhocToolchain.Project.csproj", "{5E49E9A2-4F90-4700-A1DC-ADDC574D7F5C}"
EndProject
Project("{9A19103F-16F7-4668-BE54-9A1E7A4F7556}") = "GTAdhocToolchain.CLI", "GTAdhocToolchain.CLI\GTAdhocToolchain.CLI.csproj", "{F6839C1C-EE51-4CF3-BFEE-30E66F83594A}"
EndProject
Project("{9A19103F-16F7-4668-BE54-9A1E7A4F7556}") = "GTAdhocToolchain.Disasm", "GTAdhocToolchain.Disasm\GTAdhocToolchain.Disasm.csproj", "{68C2AC46-A202-44C6-A407-47BB2C8A1C3E}"
EndProject
Project("{9A19103F-16F7-4668-BE54-9A1E7A4F7556}") = "GTAdhocToolchain.Menu", "GTAdhocToolchain.Menu\GTAdhocToolchain.Menu.csproj", "{0C920070-F880-41C5-93EB-29AFC08085F4}"
EndProject
Project("{9A19103F-16F7-4668-BE54-9A1E7A4F7556}") = "GTAdhocToolchain.Menu.Resources", "GTAdhocToolchain.MenuResources\GTAdhocToolchain.Menu.Resources.csproj", "{1E68BE7F-6AC0-4E2E-B872-101B9E79AADF}"
EndProject
Project("{9A19103F-16F7-4668-BE54-9A1E7A4F7556}") = "GTAdhocToolchain.Packaging", "GTAdhocToolchain.Packaging\GTAdhocToolchain.Packaging.csproj", "{93ABE462-D381-4E19-BB86-CCDC20D77664}"
EndProject
Project("{FAE04EC0-301F-11D3-BF4B-00C04F79EFBC}") = "AdhocLanguage", "vs-extension\src\AdhocLanguage.csproj", "{5576E347-B799-456B-9692-058CF7E26457}"
EndProject
Project("{9A19103F-16F7-4668-BE54-9A1E7A4F7556}") = "PDTools.Files", "PDTools\PDTools.Files\PDTools.Files.csproj", "{D9379C37-8CAA-4153-8905-CB6E58E925D9}"
EndProject
Project("{9A19103F-16F7-4668-BE54-9A1E7A4F7556}") = "GTAdhocToolchain.Preprocessor", "GTAdhocToolchain.Preprocessor\GTAdhocToolchain.Preprocessor.csproj", "{69BE688B-C7AB-4D47-AF45-AA10DD2DCFF2}"
EndProject
Project("{9A19103F-16F7-4668-BE54-9A1E7A4F7556}") = "PDTools.Compression", "PDTools\PDTools.Compression\PDTools.Compression.csproj", "{0F42714E-9115-4E15-88FE-E61DC5C29386}"
EndProject
Global
	GlobalSection(SolutionConfigurationPlatforms) = preSolution
		Debug|Any CPU = Debug|Any CPU
		Debug|arm64 = Debug|arm64
		Debug|x86 = Debug|x86
		Release|Any CPU = Release|Any CPU
		Release|arm64 = Release|arm64
		Release|x86 = Release|x86
	EndGlobalSection
	GlobalSection(ProjectConfigurationPlatforms) = postSolution
		{75BC3DA5-071E-4908-8205-9FBB4B6AC48A}.Debug|Any CPU.ActiveCfg = Debug|Any CPU
		{75BC3DA5-071E-4908-8205-9FBB4B6AC48A}.Debug|Any CPU.Build.0 = Debug|Any CPU
		{75BC3DA5-071E-4908-8205-9FBB4B6AC48A}.Debug|arm64.ActiveCfg = Debug|Any CPU
		{75BC3DA5-071E-4908-8205-9FBB4B6AC48A}.Debug|arm64.Build.0 = Debug|Any CPU
		{75BC3DA5-071E-4908-8205-9FBB4B6AC48A}.Debug|x86.ActiveCfg = Debug|Any CPU
		{75BC3DA5-071E-4908-8205-9FBB4B6AC48A}.Debug|x86.Build.0 = Debug|Any CPU
		{75BC3DA5-071E-4908-8205-9FBB4B6AC48A}.Release|Any CPU.ActiveCfg = Release|Any CPU
		{75BC3DA5-071E-4908-8205-9FBB4B6AC48A}.Release|Any CPU.Build.0 = Release|Any CPU
		{75BC3DA5-071E-4908-8205-9FBB4B6AC48A}.Release|arm64.ActiveCfg = Release|Any CPU
		{75BC3DA5-071E-4908-8205-9FBB4B6AC48A}.Release|arm64.Build.0 = Release|Any CPU
		{75BC3DA5-071E-4908-8205-9FBB4B6AC48A}.Release|x86.ActiveCfg = Release|Any CPU
		{75BC3DA5-071E-4908-8205-9FBB4B6AC48A}.Release|x86.Build.0 = Release|Any CPU
		{A6637EA2-9602-4CDC-BBE6-A496498FCC22}.Debug|Any CPU.ActiveCfg = Debug|Any CPU
		{A6637EA2-9602-4CDC-BBE6-A496498FCC22}.Debug|Any CPU.Build.0 = Debug|Any CPU
		{A6637EA2-9602-4CDC-BBE6-A496498FCC22}.Debug|arm64.ActiveCfg = Debug|Any CPU
		{A6637EA2-9602-4CDC-BBE6-A496498FCC22}.Debug|arm64.Build.0 = Debug|Any CPU
		{A6637EA2-9602-4CDC-BBE6-A496498FCC22}.Debug|x86.ActiveCfg = Debug|Any CPU
		{A6637EA2-9602-4CDC-BBE6-A496498FCC22}.Debug|x86.Build.0 = Debug|Any CPU
		{A6637EA2-9602-4CDC-BBE6-A496498FCC22}.Release|Any CPU.ActiveCfg = Release|Any CPU
		{A6637EA2-9602-4CDC-BBE6-A496498FCC22}.Release|Any CPU.Build.0 = Release|Any CPU
		{A6637EA2-9602-4CDC-BBE6-A496498FCC22}.Release|arm64.ActiveCfg = Release|Any CPU
		{A6637EA2-9602-4CDC-BBE6-A496498FCC22}.Release|arm64.Build.0 = Release|Any CPU
		{A6637EA2-9602-4CDC-BBE6-A496498FCC22}.Release|x86.ActiveCfg = Release|Any CPU
		{A6637EA2-9602-4CDC-BBE6-A496498FCC22}.Release|x86.Build.0 = Release|Any CPU
		{7463E884-46C5-4834-ADCE-C97259476F47}.Debug|Any CPU.ActiveCfg = Debug|Any CPU
		{7463E884-46C5-4834-ADCE-C97259476F47}.Debug|Any CPU.Build.0 = Debug|Any CPU
		{7463E884-46C5-4834-ADCE-C97259476F47}.Debug|arm64.ActiveCfg = Debug|Any CPU
		{7463E884-46C5-4834-ADCE-C97259476F47}.Debug|arm64.Build.0 = Debug|Any CPU
		{7463E884-46C5-4834-ADCE-C97259476F47}.Debug|x86.ActiveCfg = Debug|Any CPU
		{7463E884-46C5-4834-ADCE-C97259476F47}.Debug|x86.Build.0 = Debug|Any CPU
		{7463E884-46C5-4834-ADCE-C97259476F47}.Release|Any CPU.ActiveCfg = Release|Any CPU
		{7463E884-46C5-4834-ADCE-C97259476F47}.Release|Any CPU.Build.0 = Release|Any CPU
		{7463E884-46C5-4834-ADCE-C97259476F47}.Release|arm64.ActiveCfg = Release|Any CPU
		{7463E884-46C5-4834-ADCE-C97259476F47}.Release|arm64.Build.0 = Release|Any CPU
		{7463E884-46C5-4834-ADCE-C97259476F47}.Release|x86.ActiveCfg = Release|Any CPU
		{7463E884-46C5-4834-ADCE-C97259476F47}.Release|x86.Build.0 = Release|Any CPU
		{60FFD30A-8B28-4920-AFFF-C43BE648F21F}.Debug|Any CPU.ActiveCfg = Debug|Any CPU
		{60FFD30A-8B28-4920-AFFF-C43BE648F21F}.Debug|Any CPU.Build.0 = Debug|Any CPU
		{60FFD30A-8B28-4920-AFFF-C43BE648F21F}.Debug|arm64.ActiveCfg = Debug|Any CPU
		{60FFD30A-8B28-4920-AFFF-C43BE648F21F}.Debug|arm64.Build.0 = Debug|Any CPU
		{60FFD30A-8B28-4920-AFFF-C43BE648F21F}.Debug|x86.ActiveCfg = Debug|Any CPU
		{60FFD30A-8B28-4920-AFFF-C43BE648F21F}.Debug|x86.Build.0 = Debug|Any CPU
		{60FFD30A-8B28-4920-AFFF-C43BE648F21F}.Release|Any CPU.ActiveCfg = Release|Any CPU
		{60FFD30A-8B28-4920-AFFF-C43BE648F21F}.Release|Any CPU.Build.0 = Release|Any CPU
		{60FFD30A-8B28-4920-AFFF-C43BE648F21F}.Release|arm64.ActiveCfg = Release|Any CPU
		{60FFD30A-8B28-4920-AFFF-C43BE648F21F}.Release|arm64.Build.0 = Release|Any CPU
		{60FFD30A-8B28-4920-AFFF-C43BE648F21F}.Release|x86.ActiveCfg = Release|Any CPU
		{60FFD30A-8B28-4920-AFFF-C43BE648F21F}.Release|x86.Build.0 = Release|Any CPU
		{5E49E9A2-4F90-4700-A1DC-ADDC574D7F5C}.Debug|Any CPU.ActiveCfg = Debug|Any CPU
		{5E49E9A2-4F90-4700-A1DC-ADDC574D7F5C}.Debug|Any CPU.Build.0 = Debug|Any CPU
		{5E49E9A2-4F90-4700-A1DC-ADDC574D7F5C}.Debug|arm64.ActiveCfg = Debug|Any CPU
		{5E49E9A2-4F90-4700-A1DC-ADDC574D7F5C}.Debug|arm64.Build.0 = Debug|Any CPU
		{5E49E9A2-4F90-4700-A1DC-ADDC574D7F5C}.Debug|x86.ActiveCfg = Debug|Any CPU
		{5E49E9A2-4F90-4700-A1DC-ADDC574D7F5C}.Debug|x86.Build.0 = Debug|Any CPU
		{5E49E9A2-4F90-4700-A1DC-ADDC574D7F5C}.Release|Any CPU.ActiveCfg = Release|Any CPU
		{5E49E9A2-4F90-4700-A1DC-ADDC574D7F5C}.Release|Any CPU.Build.0 = Release|Any CPU
		{5E49E9A2-4F90-4700-A1DC-ADDC574D7F5C}.Release|arm64.ActiveCfg = Release|Any CPU
		{5E49E9A2-4F90-4700-A1DC-ADDC574D7F5C}.Release|arm64.Build.0 = Release|Any CPU
		{5E49E9A2-4F90-4700-A1DC-ADDC574D7F5C}.Release|x86.ActiveCfg = Release|Any CPU
		{5E49E9A2-4F90-4700-A1DC-ADDC574D7F5C}.Release|x86.Build.0 = Release|Any CPU
		{F6839C1C-EE51-4CF3-BFEE-30E66F83594A}.Debug|Any CPU.ActiveCfg = Debug|Any CPU
		{F6839C1C-EE51-4CF3-BFEE-30E66F83594A}.Debug|Any CPU.Build.0 = Debug|Any CPU
		{F6839C1C-EE51-4CF3-BFEE-30E66F83594A}.Debug|arm64.ActiveCfg = Debug|Any CPU
		{F6839C1C-EE51-4CF3-BFEE-30E66F83594A}.Debug|arm64.Build.0 = Debug|Any CPU
		{F6839C1C-EE51-4CF3-BFEE-30E66F83594A}.Debug|x86.ActiveCfg = Debug|Any CPU
		{F6839C1C-EE51-4CF3-BFEE-30E66F83594A}.Debug|x86.Build.0 = Debug|Any CPU
		{F6839C1C-EE51-4CF3-BFEE-30E66F83594A}.Release|Any CPU.ActiveCfg = Release|Any CPU
		{F6839C1C-EE51-4CF3-BFEE-30E66F83594A}.Release|Any CPU.Build.0 = Release|Any CPU
		{F6839C1C-EE51-4CF3-BFEE-30E66F83594A}.Release|arm64.ActiveCfg = Release|Any CPU
		{F6839C1C-EE51-4CF3-BFEE-30E66F83594A}.Release|arm64.Build.0 = Release|Any CPU
		{F6839C1C-EE51-4CF3-BFEE-30E66F83594A}.Release|x86.ActiveCfg = Release|Any CPU
		{F6839C1C-EE51-4CF3-BFEE-30E66F83594A}.Release|x86.Build.0 = Release|Any CPU
		{68C2AC46-A202-44C6-A407-47BB2C8A1C3E}.Debug|Any CPU.ActiveCfg = Debug|Any CPU
		{68C2AC46-A202-44C6-A407-47BB2C8A1C3E}.Debug|Any CPU.Build.0 = Debug|Any CPU
		{68C2AC46-A202-44C6-A407-47BB2C8A1C3E}.Debug|arm64.ActiveCfg = Debug|Any CPU
		{68C2AC46-A202-44C6-A407-47BB2C8A1C3E}.Debug|arm64.Build.0 = Debug|Any CPU
		{68C2AC46-A202-44C6-A407-47BB2C8A1C3E}.Debug|x86.ActiveCfg = Debug|Any CPU
		{68C2AC46-A202-44C6-A407-47BB2C8A1C3E}.Debug|x86.Build.0 = Debug|Any CPU
		{68C2AC46-A202-44C6-A407-47BB2C8A1C3E}.Release|Any CPU.ActiveCfg = Release|Any CPU
		{68C2AC46-A202-44C6-A407-47BB2C8A1C3E}.Release|Any CPU.Build.0 = Release|Any CPU
		{68C2AC46-A202-44C6-A407-47BB2C8A1C3E}.Release|arm64.ActiveCfg = Release|Any CPU
		{68C2AC46-A202-44C6-A407-47BB2C8A1C3E}.Release|arm64.Build.0 = Release|Any CPU
		{68C2AC46-A202-44C6-A407-47BB2C8A1C3E}.Release|x86.ActiveCfg = Release|Any CPU
		{68C2AC46-A202-44C6-A407-47BB2C8A1C3E}.Release|x86.Build.0 = Release|Any CPU
		{0C920070-F880-41C5-93EB-29AFC08085F4}.Debug|Any CPU.ActiveCfg = Debug|Any CPU
		{0C920070-F880-41C5-93EB-29AFC08085F4}.Debug|Any CPU.Build.0 = Debug|Any CPU
		{0C920070-F880-41C5-93EB-29AFC08085F4}.Debug|arm64.ActiveCfg = Debug|Any CPU
		{0C920070-F880-41C5-93EB-29AFC08085F4}.Debug|arm64.Build.0 = Debug|Any CPU
		{0C920070-F880-41C5-93EB-29AFC08085F4}.Debug|x86.ActiveCfg = Debug|Any CPU
		{0C920070-F880-41C5-93EB-29AFC08085F4}.Debug|x86.Build.0 = Debug|Any CPU
		{0C920070-F880-41C5-93EB-29AFC08085F4}.Release|Any CPU.ActiveCfg = Release|Any CPU
		{0C920070-F880-41C5-93EB-29AFC08085F4}.Release|Any CPU.Build.0 = Release|Any CPU
		{0C920070-F880-41C5-93EB-29AFC08085F4}.Release|arm64.ActiveCfg = Release|Any CPU
		{0C920070-F880-41C5-93EB-29AFC08085F4}.Release|arm64.Build.0 = Release|Any CPU
		{0C920070-F880-41C5-93EB-29AFC08085F4}.Release|x86.ActiveCfg = Release|Any CPU
		{0C920070-F880-41C5-93EB-29AFC08085F4}.Release|x86.Build.0 = Release|Any CPU
		{1E68BE7F-6AC0-4E2E-B872-101B9E79AADF}.Debug|Any CPU.ActiveCfg = Debug|Any CPU
		{1E68BE7F-6AC0-4E2E-B872-101B9E79AADF}.Debug|Any CPU.Build.0 = Debug|Any CPU
		{1E68BE7F-6AC0-4E2E-B872-101B9E79AADF}.Debug|arm64.ActiveCfg = Debug|Any CPU
		{1E68BE7F-6AC0-4E2E-B872-101B9E79AADF}.Debug|arm64.Build.0 = Debug|Any CPU
		{1E68BE7F-6AC0-4E2E-B872-101B9E79AADF}.Debug|x86.ActiveCfg = Debug|Any CPU
		{1E68BE7F-6AC0-4E2E-B872-101B9E79AADF}.Debug|x86.Build.0 = Debug|Any CPU
		{1E68BE7F-6AC0-4E2E-B872-101B9E79AADF}.Release|Any CPU.ActiveCfg = Release|Any CPU
		{1E68BE7F-6AC0-4E2E-B872-101B9E79AADF}.Release|Any CPU.Build.0 = Release|Any CPU
		{1E68BE7F-6AC0-4E2E-B872-101B9E79AADF}.Release|arm64.ActiveCfg = Release|Any CPU
		{1E68BE7F-6AC0-4E2E-B872-101B9E79AADF}.Release|arm64.Build.0 = Release|Any CPU
		{1E68BE7F-6AC0-4E2E-B872-101B9E79AADF}.Release|x86.ActiveCfg = Release|Any CPU
		{1E68BE7F-6AC0-4E2E-B872-101B9E79AADF}.Release|x86.Build.0 = Release|Any CPU
		{93ABE462-D381-4E19-BB86-CCDC20D77664}.Debug|Any CPU.ActiveCfg = Debug|Any CPU
		{93ABE462-D381-4E19-BB86-CCDC20D77664}.Debug|Any CPU.Build.0 = Debug|Any CPU
		{93ABE462-D381-4E19-BB86-CCDC20D77664}.Debug|arm64.ActiveCfg = Debug|Any CPU
		{93ABE462-D381-4E19-BB86-CCDC20D77664}.Debug|arm64.Build.0 = Debug|Any CPU
		{93ABE462-D381-4E19-BB86-CCDC20D77664}.Debug|x86.ActiveCfg = Debug|Any CPU
		{93ABE462-D381-4E19-BB86-CCDC20D77664}.Debug|x86.Build.0 = Debug|Any CPU
		{93ABE462-D381-4E19-BB86-CCDC20D77664}.Release|Any CPU.ActiveCfg = Release|Any CPU
		{93ABE462-D381-4E19-BB86-CCDC20D77664}.Release|Any CPU.Build.0 = Release|Any CPU
		{93ABE462-D381-4E19-BB86-CCDC20D77664}.Release|arm64.ActiveCfg = Release|Any CPU
		{93ABE462-D381-4E19-BB86-CCDC20D77664}.Release|arm64.Build.0 = Release|Any CPU
		{93ABE462-D381-4E19-BB86-CCDC20D77664}.Release|x86.ActiveCfg = Release|Any CPU
		{93ABE462-D381-4E19-BB86-CCDC20D77664}.Release|x86.Build.0 = Release|Any CPU
		{5576E347-B799-456B-9692-058CF7E26457}.Debug|Any CPU.ActiveCfg = Debug|Any CPU
		{5576E347-B799-456B-9692-058CF7E26457}.Debug|Any CPU.Build.0 = Debug|Any CPU
		{5576E347-B799-456B-9692-058CF7E26457}.Debug|arm64.ActiveCfg = Debug|arm64
		{5576E347-B799-456B-9692-058CF7E26457}.Debug|arm64.Build.0 = Debug|arm64
		{5576E347-B799-456B-9692-058CF7E26457}.Debug|x86.ActiveCfg = Debug|x86
		{5576E347-B799-456B-9692-058CF7E26457}.Debug|x86.Build.0 = Debug|x86
		{5576E347-B799-456B-9692-058CF7E26457}.Release|Any CPU.ActiveCfg = Release|Any CPU
		{5576E347-B799-456B-9692-058CF7E26457}.Release|Any CPU.Build.0 = Release|Any CPU
		{5576E347-B799-456B-9692-058CF7E26457}.Release|arm64.ActiveCfg = Release|arm64
		{5576E347-B799-456B-9692-058CF7E26457}.Release|arm64.Build.0 = Release|arm64
		{5576E347-B799-456B-9692-058CF7E26457}.Release|x86.ActiveCfg = Release|x86
		{5576E347-B799-456B-9692-058CF7E26457}.Release|x86.Build.0 = Release|x86
		{D9379C37-8CAA-4153-8905-CB6E58E925D9}.Debug|Any CPU.ActiveCfg = Debug|Any CPU
		{D9379C37-8CAA-4153-8905-CB6E58E925D9}.Debug|Any CPU.Build.0 = Debug|Any CPU
		{D9379C37-8CAA-4153-8905-CB6E58E925D9}.Debug|arm64.ActiveCfg = Debug|Any CPU
		{D9379C37-8CAA-4153-8905-CB6E58E925D9}.Debug|arm64.Build.0 = Debug|Any CPU
		{D9379C37-8CAA-4153-8905-CB6E58E925D9}.Debug|x86.ActiveCfg = Debug|Any CPU
		{D9379C37-8CAA-4153-8905-CB6E58E925D9}.Debug|x86.Build.0 = Debug|Any CPU
		{D9379C37-8CAA-4153-8905-CB6E58E925D9}.Release|Any CPU.ActiveCfg = Release|Any CPU
		{D9379C37-8CAA-4153-8905-CB6E58E925D9}.Release|Any CPU.Build.0 = Release|Any CPU
		{D9379C37-8CAA-4153-8905-CB6E58E925D9}.Release|arm64.ActiveCfg = Release|Any CPU
		{D9379C37-8CAA-4153-8905-CB6E58E925D9}.Release|arm64.Build.0 = Release|Any CPU
		{D9379C37-8CAA-4153-8905-CB6E58E925D9}.Release|x86.ActiveCfg = Release|Any CPU
		{D9379C37-8CAA-4153-8905-CB6E58E925D9}.Release|x86.Build.0 = Release|Any CPU
		{69BE688B-C7AB-4D47-AF45-AA10DD2DCFF2}.Debug|Any CPU.ActiveCfg = Debug|Any CPU
		{69BE688B-C7AB-4D47-AF45-AA10DD2DCFF2}.Debug|Any CPU.Build.0 = Debug|Any CPU
		{69BE688B-C7AB-4D47-AF45-AA10DD2DCFF2}.Debug|arm64.ActiveCfg = Debug|Any CPU
		{69BE688B-C7AB-4D47-AF45-AA10DD2DCFF2}.Debug|arm64.Build.0 = Debug|Any CPU
		{69BE688B-C7AB-4D47-AF45-AA10DD2DCFF2}.Debug|x86.ActiveCfg = Debug|Any CPU
		{69BE688B-C7AB-4D47-AF45-AA10DD2DCFF2}.Debug|x86.Build.0 = Debug|Any CPU
		{69BE688B-C7AB-4D47-AF45-AA10DD2DCFF2}.Release|Any CPU.ActiveCfg = Release|Any CPU
		{69BE688B-C7AB-4D47-AF45-AA10DD2DCFF2}.Release|Any CPU.Build.0 = Release|Any CPU
		{69BE688B-C7AB-4D47-AF45-AA10DD2DCFF2}.Release|arm64.ActiveCfg = Release|Any CPU
		{69BE688B-C7AB-4D47-AF45-AA10DD2DCFF2}.Release|arm64.Build.0 = Release|Any CPU
		{69BE688B-C7AB-4D47-AF45-AA10DD2DCFF2}.Release|x86.ActiveCfg = Release|Any CPU
		{69BE688B-C7AB-4D47-AF45-AA10DD2DCFF2}.Release|x86.Build.0 = Release|Any CPU
		{0F42714E-9115-4E15-88FE-E61DC5C29386}.Debug|Any CPU.ActiveCfg = Debug|Any CPU
		{0F42714E-9115-4E15-88FE-E61DC5C29386}.Debug|Any CPU.Build.0 = Debug|Any CPU
		{0F42714E-9115-4E15-88FE-E61DC5C29386}.Debug|arm64.ActiveCfg = Debug|Any CPU
		{0F42714E-9115-4E15-88FE-E61DC5C29386}.Debug|arm64.Build.0 = Debug|Any CPU
		{0F42714E-9115-4E15-88FE-E61DC5C29386}.Debug|x86.ActiveCfg = Debug|Any CPU
		{0F42714E-9115-4E15-88FE-E61DC5C29386}.Debug|x86.Build.0 = Debug|Any CPU
		{0F42714E-9115-4E15-88FE-E61DC5C29386}.Release|Any CPU.ActiveCfg = Release|Any CPU
		{0F42714E-9115-4E15-88FE-E61DC5C29386}.Release|Any CPU.Build.0 = Release|Any CPU
		{0F42714E-9115-4E15-88FE-E61DC5C29386}.Release|arm64.ActiveCfg = Release|Any CPU
		{0F42714E-9115-4E15-88FE-E61DC5C29386}.Release|arm64.Build.0 = Release|Any CPU
		{0F42714E-9115-4E15-88FE-E61DC5C29386}.Release|x86.ActiveCfg = Release|Any CPU
		{0F42714E-9115-4E15-88FE-E61DC5C29386}.Release|x86.Build.0 = Release|Any CPU
	EndGlobalSection
	GlobalSection(SolutionProperties) = preSolution
		HideSolutionNode = FALSE
	EndGlobalSection
	GlobalSection(ExtensibilityGlobals) = postSolution
		SolutionGuid = {564C2EA1-7A28-410D-89B0-6199320CF0C4}
	EndGlobalSection
EndGlobal
